// !$*UTF8*$!
{
	archiveVersion = 1;
	classes = {
	};
	objectVersion = 50;
	objects = {

/* Begin PBXBuildFile section */
		2EF6729D267462A900D3CA5B /* ____Quiz_gitApp.swift in Sources */ = {isa = PBXBuildFile; fileRef = 2EF6729C267462A900D3CA5B /* ____Quiz_gitApp.swift */; };
		2EF6729F267462A900D3CA5B /* ContentView.swift in Sources */ = {isa = PBXBuildFile; fileRef = 2EF6729E267462A900D3CA5B /* ContentView.swift */; };
		2EF672A1267462AD00D3CA5B /* Assets.xcassets in Resources */ = {isa = PBXBuildFile; fileRef = 2EF672A0267462AD00D3CA5B /* Assets.xcassets */; };
		2EF672A4267462AD00D3CA5B /* Preview Assets.xcassets in Resources */ = {isa = PBXBuildFile; fileRef = 2EF672A3267462AD00D3CA5B /* Preview Assets.xcassets */; };
		2EF672AF267462AD00D3CA5B /* ____Quiz_gitTests.swift in Sources */ = {isa = PBXBuildFile; fileRef = 2EF672AE267462AD00D3CA5B /* ____Quiz_gitTests.swift */; };
		2EF672BA267462AD00D3CA5B /* ____Quiz_gitUITests.swift in Sources */ = {isa = PBXBuildFile; fileRef = 2EF672B9267462AD00D3CA5B /* ____Quiz_gitUITests.swift */; };
/* End PBXBuildFile section */

/* Begin PBXContainerItemProxy section */
		2EF672AB267462AD00D3CA5B /* PBXContainerItemProxy */ = {
			isa = PBXContainerItemProxy;
			containerPortal = 2EF67291267462A900D3CA5B /* Project object */;
			proxyType = 1;
			remoteGlobalIDString = 2EF67298267462A900D3CA5B;
			remoteInfo = "4 | Quiz-git";
		};
		2EF672B6267462AD00D3CA5B /* PBXContainerItemProxy */ = {
			isa = PBXContainerItemProxy;
			containerPortal = 2EF67291267462A900D3CA5B /* Project object */;
			proxyType = 1;
			remoteGlobalIDString = 2EF67298267462A900D3CA5B;
			remoteInfo = "4 | Quiz-git";
		};
/* End PBXContainerItemProxy section */

/* Begin PBXFileReference section */
		2EF67299267462A900D3CA5B /* 4 | Quiz-git.app */ = {isa = PBXFileReference; explicitFileType = wrapper.application; includeInIndex = 0; path = "4 | Quiz-git.app"; sourceTree = BUILT_PRODUCTS_DIR; };
		2EF6729C267462A900D3CA5B /* ____Quiz_gitApp.swift */ = {isa = PBXFileReference; lastKnownFileType = sourcecode.swift; path = "____Quiz_gitApp.swift"; sourceTree = "<group>"; };
		2EF6729E267462A900D3CA5B /* ContentView.swift */ = {isa = PBXFileReference; lastKnownFileType = sourcecode.swift; path = ContentView.swift; sourceTree = "<group>"; };
		2EF672A0267462AD00D3CA5B /* Assets.xcassets */ = {isa = PBXFileReference; lastKnownFileType = folder.assetcatalog; path = Assets.xcassets; sourceTree = "<group>"; };
		2EF672A3267462AD00D3CA5B /* Preview Assets.xcassets */ = {isa = PBXFileReference; lastKnownFileType = folder.assetcatalog; path = "Preview Assets.xcassets"; sourceTree = "<group>"; };
		2EF672A5267462AD00D3CA5B /* Info.plist */ = {isa = PBXFileReference; lastKnownFileType = text.plist.xml; path = Info.plist; sourceTree = "<group>"; };
		2EF672AA267462AD00D3CA5B /* 4 | Quiz-gitTests.xctest */ = {isa = PBXFileReference; explicitFileType = wrapper.cfbundle; includeInIndex = 0; path = "4 | Quiz-gitTests.xctest"; sourceTree = BUILT_PRODUCTS_DIR; };
		2EF672AE267462AD00D3CA5B /* ____Quiz_gitTests.swift */ = {isa = PBXFileReference; lastKnownFileType = sourcecode.swift; path = "____Quiz_gitTests.swift"; sourceTree = "<group>"; };
		2EF672B0267462AD00D3CA5B /* Info.plist */ = {isa = PBXFileReference; lastKnownFileType = text.plist.xml; path = Info.plist; sourceTree = "<group>"; };
		2EF672B5267462AD00D3CA5B /* 4 | Quiz-gitUITests.xctest */ = {isa = PBXFileReference; explicitFileType = wrapper.cfbundle; includeInIndex = 0; path = "4 | Quiz-gitUITests.xctest"; sourceTree = BUILT_PRODUCTS_DIR; };
		2EF672B9267462AD00D3CA5B /* ____Quiz_gitUITests.swift */ = {isa = PBXFileReference; lastKnownFileType = sourcecode.swift; path = "____Quiz_gitUITests.swift"; sourceTree = "<group>"; };
		2EF672BB267462AD00D3CA5B /* Info.plist */ = {isa = PBXFileReference; lastKnownFileType = text.plist.xml; path = Info.plist; sourceTree = "<group>"; };
/* End PBXFileReference section */

/* Begin PBXFrameworksBuildPhase section */
		2EF67296267462A900D3CA5B /* Frameworks */ = {
			isa = PBXFrameworksBuildPhase;
			buildActionMask = 2147483647;
			files = (
			);
			runOnlyForDeploymentPostprocessing = 0;
		};
		2EF672A7267462AD00D3CA5B /* Frameworks */ = {
			isa = PBXFrameworksBuildPhase;
			buildActionMask = 2147483647;
			files = (
			);
			runOnlyForDeploymentPostprocessing = 0;
		};
		2EF672B2267462AD00D3CA5B /* Frameworks */ = {
			isa = PBXFrameworksBuildPhase;
			buildActionMask = 2147483647;
			files = (
			);
			runOnlyForDeploymentPostprocessing = 0;
		};
/* End PBXFrameworksBuildPhase section */

/* Begin PBXGroup section */
		2EF67290267462A900D3CA5B = {
			isa = PBXGroup;
			children = (
				2EF6729B267462A900D3CA5B /* 4 | Quiz-git */,
				2EF672AD267462AD00D3CA5B /* 4 | Quiz-gitTests */,
				2EF672B8267462AD00D3CA5B /* 4 | Quiz-gitUITests */,
				2EF6729A267462A900D3CA5B /* Products */,
			);
			sourceTree = "<group>";
		};
		2EF6729A267462A900D3CA5B /* Products */ = {
			isa = PBXGroup;
			children = (
				2EF67299267462A900D3CA5B /* 4 | Quiz-git.app */,
				2EF672AA267462AD00D3CA5B /* 4 | Quiz-gitTests.xctest */,
				2EF672B5267462AD00D3CA5B /* 4 | Quiz-gitUITests.xctest */,
			);
			name = Products;
			sourceTree = "<group>";
		};
		2EF6729B267462A900D3CA5B /* 4 | Quiz-git */ = {
			isa = PBXGroup;
			children = (
				2EF6729C267462A900D3CA5B /* ____Quiz_gitApp.swift */,
				2EF6729E267462A900D3CA5B /* ContentView.swift */,
				2EF672A0267462AD00D3CA5B /* Assets.xcassets */,
				2EF672A5267462AD00D3CA5B /* Info.plist */,
				2EF672A2267462AD00D3CA5B /* Preview Content */,
			);
			path = "4 | Quiz-git";
			sourceTree = "<group>";
		};
		2EF672A2267462AD00D3CA5B /* Preview Content */ = {
			isa = PBXGroup;
			children = (
				2EF672A3267462AD00D3CA5B /* Preview Assets.xcassets */,
			);
			path = "Preview Content";
			sourceTree = "<group>";
		};
		2EF672AD267462AD00D3CA5B /* 4 | Quiz-gitTests */ = {
			isa = PBXGroup;
			children = (
				2EF672AE267462AD00D3CA5B /* ____Quiz_gitTests.swift */,
				2EF672B0267462AD00D3CA5B /* Info.plist */,
			);
			path = "4 | Quiz-gitTests";
			sourceTree = "<group>";
		};
		2EF672B8267462AD00D3CA5B /* 4 | Quiz-gitUITests */ = {
			isa = PBXGroup;
			children = (
				2EF672B9267462AD00D3CA5B /* ____Quiz_gitUITests.swift */,
				2EF672BB267462AD00D3CA5B /* Info.plist */,
			);
			path = "4 | Quiz-gitUITests";
			sourceTree = "<group>";
		};
/* End PBXGroup section */

/* Begin PBXNativeTarget section */
		2EF67298267462A900D3CA5B /* 4 | Quiz-git */ = {
			isa = PBXNativeTarget;
			buildConfigurationList = 2EF672BE267462AD00D3CA5B /* Build configuration list for PBXNativeTarget "4 | Quiz-git" */;
			buildPhases = (
				2EF67295267462A900D3CA5B /* Sources */,
				2EF67296267462A900D3CA5B /* Frameworks */,
				2EF67297267462A900D3CA5B /* Resources */,
			);
			buildRules = (
			);
			dependencies = (
			);
			name = "4 | Quiz-git";
			productName = "4 | Quiz-git";
			productReference = 2EF67299267462A900D3CA5B /* 4 | Quiz-git.app */;
			productType = "com.apple.product-type.application";
		};
		2EF672A9267462AD00D3CA5B /* 4 | Quiz-gitTests */ = {
			isa = PBXNativeTarget;
			buildConfigurationList = 2EF672C1267462AD00D3CA5B /* Build configuration list for PBXNativeTarget "4 | Quiz-gitTests" */;
			buildPhases = (
				2EF672A6267462AD00D3CA5B /* Sources */,
				2EF672A7267462AD00D3CA5B /* Frameworks */,
				2EF672A8267462AD00D3CA5B /* Resources */,
			);
			buildRules = (
			);
			dependencies = (
				2EF672AC267462AD00D3CA5B /* PBXTargetDependency */,
			);
			name = "4 | Quiz-gitTests";
			productName = "4 | Quiz-gitTests";
			productReference = 2EF672AA267462AD00D3CA5B /* 4 | Quiz-gitTests.xctest */;
			productType = "com.apple.product-type.bundle.unit-test";
		};
		2EF672B4267462AD00D3CA5B /* 4 | Quiz-gitUITests */ = {
			isa = PBXNativeTarget;
			buildConfigurationList = 2EF672C4267462AD00D3CA5B /* Build configuration list for PBXNativeTarget "4 | Quiz-gitUITests" */;
			buildPhases = (
				2EF672B1267462AD00D3CA5B /* Sources */,
				2EF672B2267462AD00D3CA5B /* Frameworks */,
				2EF672B3267462AD00D3CA5B /* Resources */,
			);
			buildRules = (
			);
			dependencies = (
				2EF672B7267462AD00D3CA5B /* PBXTargetDependency */,
			);
			name = "4 | Quiz-gitUITests";
			productName = "4 | Quiz-gitUITests";
			productReference = 2EF672B5267462AD00D3CA5B /* 4 | Quiz-gitUITests.xctest */;
			productType = "com.apple.product-type.bundle.ui-testing";
		};
/* End PBXNativeTarget section */

/* Begin PBXProject section */
		2EF67291267462A900D3CA5B /* Project object */ = {
			isa = PBXProject;
			attributes = {
				LastSwiftUpdateCheck = 1250;
				LastUpgradeCheck = 1250;
				TargetAttributes = {
					2EF67298267462A900D3CA5B = {
						CreatedOnToolsVersion = 12.5;
					};
					2EF672A9267462AD00D3CA5B = {
						CreatedOnToolsVersion = 12.5;
						TestTargetID = 2EF67298267462A900D3CA5B;
					};
					2EF672B4267462AD00D3CA5B = {
						CreatedOnToolsVersion = 12.5;
						TestTargetID = 2EF67298267462A900D3CA5B;
					};
				};
			};
			buildConfigurationList = 2EF67294267462A900D3CA5B /* Build configuration list for PBXProject "4 | Quiz-git" */;
			compatibilityVersion = "Xcode 9.3";
			developmentRegion = en;
			hasScannedForEncodings = 0;
			knownRegions = (
				en,
				Base,
			);
			mainGroup = 2EF67290267462A900D3CA5B;
			productRefGroup = 2EF6729A267462A900D3CA5B /* Products */;
			projectDirPath = "";
			projectRoot = "";
			targets = (
				2EF67298267462A900D3CA5B /* 4 | Quiz-git */,
				2EF672A9267462AD00D3CA5B /* 4 | Quiz-gitTests */,
				2EF672B4267462AD00D3CA5B /* 4 | Quiz-gitUITests */,
			);
		};
/* End PBXProject section */

/* Begin PBXResourcesBuildPhase section */
		2EF67297267462A900D3CA5B /* Resources */ = {
			isa = PBXResourcesBuildPhase;
			buildActionMask = 2147483647;
			files = (
				2EF672A4267462AD00D3CA5B /* Preview Assets.xcassets in Resources */,
				2EF672A1267462AD00D3CA5B /* Assets.xcassets in Resources */,
			);
			runOnlyForDeploymentPostprocessing = 0;
		};
		2EF672A8267462AD00D3CA5B /* Resources */ = {
			isa = PBXResourcesBuildPhase;
			buildActionMask = 2147483647;
			files = (
			);
			runOnlyForDeploymentPostprocessing = 0;
		};
		2EF672B3267462AD00D3CA5B /* Resources */ = {
			isa = PBXResourcesBuildPhase;
			buildActionMask = 2147483647;
			files = (
			);
			runOnlyForDeploymentPostprocessing = 0;
		};
/* End PBXResourcesBuildPhase section */

/* Begin PBXSourcesBuildPhase section */
		2EF67295267462A900D3CA5B /* Sources */ = {
			isa = PBXSourcesBuildPhase;
			buildActionMask = 2147483647;
			files = (
				2EF6729F267462A900D3CA5B /* ContentView.swift in Sources */,
				2EF6729D267462A900D3CA5B /* ____Quiz_gitApp.swift in Sources */,
			);
			runOnlyForDeploymentPostprocessing = 0;
		};
		2EF672A6267462AD00D3CA5B /* Sources */ = {
			isa = PBXSourcesBuildPhase;
			buildActionMask = 2147483647;
			files = (
				2EF672AF267462AD00D3CA5B /* ____Quiz_gitTests.swift in Sources */,
			);
			runOnlyForDeploymentPostprocessing = 0;
		};
		2EF672B1267462AD00D3CA5B /* Sources */ = {
			isa = PBXSourcesBuildPhase;
			buildActionMask = 2147483647;
			files = (
				2EF672BA267462AD00D3CA5B /* ____Quiz_gitUITests.swift in Sources */,
			);
			runOnlyForDeploymentPostprocessing = 0;
		};
/* End PBXSourcesBuildPhase section */

/* Begin PBXTargetDependency section */
		2EF672AC267462AD00D3CA5B /* PBXTargetDependency */ = {
			isa = PBXTargetDependency;
			target = 2EF67298267462A900D3CA5B /* 4 | Quiz-git */;
			targetProxy = 2EF672AB267462AD00D3CA5B /* PBXContainerItemProxy */;
		};
		2EF672B7267462AD00D3CA5B /* PBXTargetDependency */ = {
			isa = PBXTargetDependency;
			target = 2EF67298267462A900D3CA5B /* 4 | Quiz-git */;
			targetProxy = 2EF672B6267462AD00D3CA5B /* PBXContainerItemProxy */;
		};
/* End PBXTargetDependency section */

/* Begin XCBuildConfiguration section */
		2EF672BC267462AD00D3CA5B /* Debug */ = {
			isa = XCBuildConfiguration;
			buildSettings = {
				ALWAYS_SEARCH_USER_PATHS = NO;
				CLANG_ANALYZER_NONNULL = YES;
				CLANG_ANALYZER_NUMBER_OBJECT_CONVERSION = YES_AGGRESSIVE;
				CLANG_CXX_LANGUAGE_STANDARD = "gnu++14";
				CLANG_CXX_LIBRARY = "libc++";
				CLANG_ENABLE_MODULES = YES;
				CLANG_ENABLE_OBJC_ARC = YES;
				CLANG_ENABLE_OBJC_WEAK = YES;
				CLANG_WARN_BLOCK_CAPTURE_AUTORELEASING = YES;
				CLANG_WARN_BOOL_CONVERSION = YES;
				CLANG_WARN_COMMA = YES;
				CLANG_WARN_CONSTANT_CONVERSION = YES;
				CLANG_WARN_DEPRECATED_OBJC_IMPLEMENTATIONS = YES;
				CLANG_WARN_DIRECT_OBJC_ISA_USAGE = YES_ERROR;
				CLANG_WARN_DOCUMENTATION_COMMENTS = YES;
				CLANG_WARN_EMPTY_BODY = YES;
				CLANG_WARN_ENUM_CONVERSION = YES;
				CLANG_WARN_INFINITE_RECURSION = YES;
				CLANG_WARN_INT_CONVERSION = YES;
				CLANG_WARN_NON_LITERAL_NULL_CONVERSION = YES;
				CLANG_WARN_OBJC_IMPLICIT_RETAIN_SELF = YES;
				CLANG_WARN_OBJC_LITERAL_CONVERSION = YES;
				CLANG_WARN_OBJC_ROOT_CLASS = YES_ERROR;
				CLANG_WARN_QUOTED_INCLUDE_IN_FRAMEWORK_HEADER = YES;
				CLANG_WARN_RANGE_LOOP_ANALYSIS = YES;
				CLANG_WARN_STRICT_PROTOTYPES = YES;
				CLANG_WARN_SUSPICIOUS_MOVE = YES;
				CLANG_WARN_UNGUARDED_AVAILABILITY = YES_AGGRESSIVE;
				CLANG_WARN_UNREACHABLE_CODE = YES;
				CLANG_WARN__DUPLICATE_METHOD_MATCH = YES;
				COPY_PHASE_STRIP = NO;
				DEBUG_INFORMATION_FORMAT = dwarf;
				ENABLE_STRICT_OBJC_MSGSEND = YES;
				ENABLE_TESTABILITY = YES;
				GCC_C_LANGUAGE_STANDARD = gnu11;
				GCC_DYNAMIC_NO_PIC = NO;
				GCC_NO_COMMON_BLOCKS = YES;
				GCC_OPTIMIZATION_LEVEL = 0;
				GCC_PREPROCESSOR_DEFINITIONS = (
					"DEBUG=1",
					"$(inherited)",
				);
				GCC_WARN_64_TO_32_BIT_CONVERSION = YES;
				GCC_WARN_ABOUT_RETURN_TYPE = YES_ERROR;
				GCC_WARN_UNDECLARED_SELECTOR = YES;
				GCC_WARN_UNINITIALIZED_AUTOS = YES_AGGRESSIVE;
				GCC_WARN_UNUSED_FUNCTION = YES;
				GCC_WARN_UNUSED_VARIABLE = YES;
				IPHONEOS_DEPLOYMENT_TARGET = 14.5;
				MTL_ENABLE_DEBUG_INFO = INCLUDE_SOURCE;
				MTL_FAST_MATH = YES;
				ONLY_ACTIVE_ARCH = YES;
				SDKROOT = iphoneos;
				SWIFT_ACTIVE_COMPILATION_CONDITIONS = DEBUG;
				SWIFT_OPTIMIZATION_LEVEL = "-Onone";
			};
			name = Debug;
		};
		2EF672BD267462AD00D3CA5B /* Release */ = {
			isa = XCBuildConfiguration;
			buildSettings = {
				ALWAYS_SEARCH_USER_PATHS = NO;
				CLANG_ANALYZER_NONNULL = YES;
				CLANG_ANALYZER_NUMBER_OBJECT_CONVERSION = YES_AGGRESSIVE;
				CLANG_CXX_LANGUAGE_STANDARD = "gnu++14";
				CLANG_CXX_LIBRARY = "libc++";
				CLANG_ENABLE_MODULES = YES;
				CLANG_ENABLE_OBJC_ARC = YES;
				CLANG_ENABLE_OBJC_WEAK = YES;
				CLANG_WARN_BLOCK_CAPTURE_AUTORELEASING = YES;
				CLANG_WARN_BOOL_CONVERSION = YES;
				CLANG_WARN_COMMA = YES;
				CLANG_WARN_CONSTANT_CONVERSION = YES;
				CLANG_WARN_DEPRECATED_OBJC_IMPLEMENTATIONS = YES;
				CLANG_WARN_DIRECT_OBJC_ISA_USAGE = YES_ERROR;
				CLANG_WARN_DOCUMENTATION_COMMENTS = YES;
				CLANG_WARN_EMPTY_BODY = YES;
				CLANG_WARN_ENUM_CONVERSION = YES;
				CLANG_WARN_INFINITE_RECURSION = YES;
				CLANG_WARN_INT_CONVERSION = YES;
				CLANG_WARN_NON_LITERAL_NULL_CONVERSION = YES;
				CLANG_WARN_OBJC_IMPLICIT_RETAIN_SELF = YES;
				CLANG_WARN_OBJC_LITERAL_CONVERSION = YES;
				CLANG_WARN_OBJC_ROOT_CLASS = YES_ERROR;
				CLANG_WARN_QUOTED_INCLUDE_IN_FRAMEWORK_HEADER = YES;
				CLANG_WARN_RANGE_LOOP_ANALYSIS = YES;
				CLANG_WARN_STRICT_PROTOTYPES = YES;
				CLANG_WARN_SUSPICIOUS_MOVE = YES;
				CLANG_WARN_UNGUARDED_AVAILABILITY = YES_AGGRESSIVE;
				CLANG_WARN_UNREACHABLE_CODE = YES;
				CLANG_WARN__DUPLICATE_METHOD_MATCH = YES;
				COPY_PHASE_STRIP = NO;
				DEBUG_INFORMATION_FORMAT = "dwarf-with-dsym";
				ENABLE_NS_ASSERTIONS = NO;
				ENABLE_STRICT_OBJC_MSGSEND = YES;
				GCC_C_LANGUAGE_STANDARD = gnu11;
				GCC_NO_COMMON_BLOCKS = YES;
				GCC_WARN_64_TO_32_BIT_CONVERSION = YES;
				GCC_WARN_ABOUT_RETURN_TYPE = YES_ERROR;
				GCC_WARN_UNDECLARED_SELECTOR = YES;
				GCC_WARN_UNINITIALIZED_AUTOS = YES_AGGRESSIVE;
				GCC_WARN_UNUSED_FUNCTION = YES;
				GCC_WARN_UNUSED_VARIABLE = YES;
				IPHONEOS_DEPLOYMENT_TARGET = 14.5;
				MTL_ENABLE_DEBUG_INFO = NO;
				MTL_FAST_MATH = YES;
				SDKROOT = iphoneos;
				SWIFT_COMPILATION_MODE = wholemodule;
				SWIFT_OPTIMIZATION_LEVEL = "-O";
				VALIDATE_PRODUCT = YES;
			};
			name = Release;
		};
		2EF672BF267462AD00D3CA5B /* Debug */ = {
			isa = XCBuildConfiguration;
			buildSettings = {
				ASSETCATALOG_COMPILER_APPICON_NAME = AppIcon;
				ASSETCATALOG_COMPILER_GLOBAL_ACCENT_COLOR_NAME = AccentColor;
				CODE_SIGN_STYLE = Automatic;
				DEVELOPMENT_ASSET_PATHS = "\"4 | Quiz-git/Preview Content\"";
				ENABLE_PREVIEWS = YES;
				INFOPLIST_FILE = "4 | Quiz-git/Info.plist";
				IPHONEOS_DEPLOYMENT_TARGET = 14.0;
				LD_RUNPATH_SEARCH_PATHS = (
					"$(inherited)",
					"@executable_path/Frameworks",
				);
				PRODUCT_BUNDLE_IDENTIFIER = "me.xuyuan.----Quiz-git";
				PRODUCT_NAME = "$(TARGET_NAME)";
				SWIFT_VERSION = 5.0;
				TARGETED_DEVICE_FAMILY = "1,2";
			};
			name = Debug;
		};
		2EF672C0267462AD00D3CA5B /* Release */ = {
			isa = XCBuildConfiguration;
			buildSettings = {
				ASSETCATALOG_COMPILER_APPICON_NAME = AppIcon;
				ASSETCATALOG_COMPILER_GLOBAL_ACCENT_COLOR_NAME = AccentColor;
				CODE_SIGN_STYLE = Automatic;
				DEVELOPMENT_ASSET_PATHS = "\"4 | Quiz-git/Preview Content\"";
				ENABLE_PREVIEWS = YES;
				INFOPLIST_FILE = "4 | Quiz-git/Info.plist";
				IPHONEOS_DEPLOYMENT_TARGET = 14.0;
				LD_RUNPATH_SEARCH_PATHS = (
					"$(inherited)",
					"@executable_path/Frameworks",
				);
				PRODUCT_BUNDLE_IDENTIFIER = "me.xuyuan.----Quiz-git";
				PRODUCT_NAME = "$(TARGET_NAME)";
				SWIFT_VERSION = 5.0;
				TARGETED_DEVICE_FAMILY = "1,2";
			};
			name = Release;
		};
		2EF672C2267462AD00D3CA5B /* Debug */ = {
			isa = XCBuildConfiguration;
			buildSettings = {
				ALWAYS_EMBED_SWIFT_STANDARD_LIBRARIES = YES;
				BUNDLE_LOADER = "$(TEST_HOST)";
				CODE_SIGN_STYLE = Automatic;
				INFOPLIST_FILE = "4 | Quiz-gitTests/Info.plist";
				IPHONEOS_DEPLOYMENT_TARGET = 14.0;
				LD_RUNPATH_SEARCH_PATHS = (
					"$(inherited)",
					"@executable_path/Frameworks",
					"@loader_path/Frameworks",
				);
				PRODUCT_BUNDLE_IDENTIFIER = "me.xuyuan.----Quiz-gitTests";
				PRODUCT_NAME = "$(TARGET_NAME)";
				SWIFT_VERSION = 5.0;
				TARGETED_DEVICE_FAMILY = "1,2";
				TEST_HOST = "$(BUILT_PRODUCTS_DIR)/4 | Quiz-git.app/4 | Quiz-git";
			};
			name = Debug;
		};
		2EF672C3267462AD00D3CA5B /* Release */ = {
			isa = XCBuildConfiguration;
			buildSettings = {
				ALWAYS_EMBED_SWIFT_STANDARD_LIBRARIES = YES;
				BUNDLE_LOADER = "$(TEST_HOST)";
				CODE_SIGN_STYLE = Automatic;
				INFOPLIST_FILE = "4 | Quiz-gitTests/Info.plist";
				IPHONEOS_DEPLOYMENT_TARGET = 14.0;
				LD_RUNPATH_SEARCH_PATHS = (
					"$(inherited)",
					"@executable_path/Frameworks",
					"@loader_path/Frameworks",
				);
				PRODUCT_BUNDLE_IDENTIFIER = "me.xuyuan.----Quiz-gitTests";
				PRODUCT_NAME = "$(TARGET_NAME)";
				SWIFT_VERSION = 5.0;
				TARGETED_DEVICE_FAMILY = "1,2";
				TEST_HOST = "$(BUILT_PRODUCTS_DIR)/4 | Quiz-git.app/4 | Quiz-git";
			};
			name = Release;
		};
		2EF672C5267462AD00D3CA5B /* Debug */ = {
			isa = XCBuildConfiguration;
			buildSettings = {
				ALWAYS_EMBED_SWIFT_STANDARD_LIBRARIES = YES;
				CODE_SIGN_STYLE = Automatic;
				INFOPLIST_FILE = "4 | Quiz-gitUITests/Info.plist";
				LD_RUNPATH_SEARCH_PATHS = (
					"$(inherited)",
					"@executable_path/Frameworks",
					"@loader_path/Frameworks",
				);
				PRODUCT_BUNDLE_IDENTIFIER = "me.xuyuan.----Quiz-gitUITests";
				PRODUCT_NAME = "$(TARGET_NAME)";
				SWIFT_VERSION = 5.0;
				TARGETED_DEVICE_FAMILY = "1,2";
				TEST_TARGET_NAME = "4 | Quiz-git";
			};
			name = Debug;
		};
		2EF672C6267462AD00D3CA5B /* Release */ = {
			isa = XCBuildConfiguration;
			buildSettings = {
				ALWAYS_EMBED_SWIFT_STANDARD_LIBRARIES = YES;
				CODE_SIGN_STYLE = Automatic;
				INFOPLIST_FILE = "4 | Quiz-gitUITests/Info.plist";
				LD_RUNPATH_SEARCH_PATHS = (
					"$(inherited)",
					"@executable_path/Frameworks",
					"@loader_path/Frameworks",
				);
				PRODUCT_BUNDLE_IDENTIFIER = "me.xuyuan.----Quiz-gitUITests";
				PRODUCT_NAME = "$(TARGET_NAME)";
				SWIFT_VERSION = 5.0;
				TARGETED_DEVICE_FAMILY = "1,2";
				TEST_TARGET_NAME = "4 | Quiz-git";
			};
			name = Release;
		};
/* End XCBuildConfiguration section */

/* Begin XCConfigurationList section */
		2EF67294267462A900D3CA5B /* Build configuration list for PBXProject "4 | Quiz-git" */ = {
			isa = XCConfigurationList;
			buildConfigurations = (
				2EF672BC267462AD00D3CA5B /* Debug */,
				2EF672BD267462AD00D3CA5B /* Release */,
			);
			defaultConfigurationIsVisible = 0;
			defaultConfigurationName = Release;
		};
		2EF672BE267462AD00D3CA5B /* Build configuration list for PBXNativeTarget "4 | Quiz-git" */ = {
			isa = XCConfigurationList;
			buildConfigurations = (
				2EF672BF267462AD00D3CA5B /* Debug */,
				2EF672C0267462AD00D3CA5B /* Release */,
			);
			defaultConfigurationIsVisible = 0;
			defaultConfigurationName = Release;
		};
		2EF672C1267462AD00D3CA5B /* Build configuration list for PBXNativeTarget "4 | Quiz-gitTests" */ = {
			isa = XCConfigurationList;
			buildConfigurations = (
				2EF672C2267462AD00D3CA5B /* Debug */,
				2EF672C3267462AD00D3CA5B /* Release */,
			);
			defaultConfigurationIsVisible = 0;
			defaultConfigurationName = Release;
		};
		2EF672C4267462AD00D3CA5B /* Build configuration list for PBXNativeTarget "4 | Quiz-gitUITests" */ = {
			isa = XCConfigurationList;
			buildConfigurations = (
				2EF672C5267462AD00D3CA5B /* Debug */,
				2EF672C6267462AD00D3CA5B /* Release */,
			);
			defaultConfigurationIsVisible = 0;
			defaultConfigurationName = Release;
		};
/* End XCConfigurationList section */
	};
	rootObject = 2EF67291267462A900D3CA5B /* Project object */;
}
